
Microsoft Visual Studio Solution File, Format Version 12.00
# Visual Studio Version 17
VisualStudioVersion = 17.5.33414.496
MinimumVisualStudioVersion = 10.0.40219.1
Project("{FAE04EC0-301F-11D3-BF4B-00C04F79EFBC}") = "Listadepessoas", "Listadepessoas\Listadepessoas.csproj", "{0F8B0E27-9012-4288-AC60-1011E60576BA}"
EndProject
Global
	GlobalSection(SolutionConfigurationPlatforms) = preSolution
		Debug|Any CPU = Debug|Any CPU
		Release|Any CPU = Release|Any CPU
	EndGlobalSection
	GlobalSection(ProjectConfigurationPlatforms) = postSolution
		{0F8B0E27-9012-4288-AC60-1011E60576BA}.Debug|Any CPU.ActiveCfg = Debug|Any CPU
		{0F8B0E27-9012-4288-AC60-1011E60576BA}.Debug|Any CPU.Build.0 = Debug|Any CPU
		{0F8B0E27-9012-4288-AC60-1011E60576BA}.Release|Any CPU.ActiveCfg = Release|Any CPU
		{0F8B0E27-9012-4288-AC60-1011E60576BA}.Release|Any CPU.Build.0 = Release|Any CPU
	EndGlobalSection
	GlobalSection(SolutionProperties) = preSolution
		HideSolutionNode = FALSE
	EndGlobalSection
	GlobalSection(ExtensibilityGlobals) = postSolution
		SolutionGuid = {E1092CA1-1DBE-4924-87BC-4990B315DC9A}
	EndGlobalSection
EndGlobal
